
Microsoft Visual Studio Solution File, Format Version 12.00
# Visual Studio Version 16
VisualStudioVersion = 16.0.33214.272
MinimumVisualStudioVersion = 10.0.40219.1
Project("{FAE04EC0-301F-11D3-BF4B-00C04F79EFBC}") = "ReactiveDemo", "ReactiveDemo\ReactiveDemo.csproj", "{9594001F-B662-4FE2-ADB5-7EE406462AC1}"
EndProject
Project("{FAE04EC0-301F-11D3-BF4B-00C04F79EFBC}") = "Infrastructure", "Infrastructure\Infrastructure.csproj", "{43D0A38E-B8E0-4CCD-B0BF-109EE62DF56D}"
EndProject
Global
	GlobalSection(SolutionConfigurationPlatforms) = preSolution
		Debug|Any CPU = Debug|Any CPU
		Release|Any CPU = Release|Any CPU
	EndGlobalSection
	GlobalSection(ProjectConfigurationPlatforms) = postSolution
		{9594001F-B662-4FE2-ADB5-7EE406462AC1}.Debug|Any CPU.ActiveCfg = Debug|Any CPU
		{9594001F-B662-4FE2-ADB5-7EE406462AC1}.Debug|Any CPU.Build.0 = Debug|Any CPU
		{9594001F-B662-4FE2-ADB5-7EE406462AC1}.Release|Any CPU.ActiveCfg = Release|Any CPU
		{9594001F-B662-4FE2-ADB5-7EE406462AC1}.Release|Any CPU.Build.0 = Release|Any CPU
		{43D0A38E-B8E0-4CCD-B0BF-109EE62DF56D}.Debug|Any CPU.ActiveCfg = Debug|Any CPU
		{43D0A38E-B8E0-4CCD-B0BF-109EE62DF56D}.Debug|Any CPU.Build.0 = Debug|Any CPU
		{43D0A38E-B8E0-4CCD-B0BF-109EE62DF56D}.Release|Any CPU.ActiveCfg = Release|Any CPU
		{43D0A38E-B8E0-4CCD-B0BF-109EE62DF56D}.Release|Any CPU.Build.0 = Release|Any CPU
	EndGlobalSection
	GlobalSection(SolutionProperties) = preSolution
		HideSolutionNode = FALSE
	EndGlobalSection
	GlobalSection(ExtensibilityGlobals) = postSolution
		SolutionGuid = {74C8F972-6EFA-4463-BBA4-819653BA8FCE}
	EndGlobalSection
EndGlobal
